
Microsoft Visual Studio Solution File, Format Version 12.00
# Visual Studio Version 16
VisualStudioVersion = 16.0.30114.105
MinimumVisualStudioVersion = 10.0.40219.1
Project("{FAE04EC0-301F-11D3-BF4B-00C04F79EFBC}") = "overridemethos", "overridemethos\overridemethos.csproj", "{18CDF068-90A1-487C-886B-BD42E04A1838}"
EndProject
Global
	GlobalSection(SolutionConfigurationPlatforms) = preSolution
		Debug|Any CPU = Debug|Any CPU
		Release|Any CPU = Release|Any CPU
	EndGlobalSection
	GlobalSection(ProjectConfigurationPlatforms) = postSolution
		{18CDF068-90A1-487C-886B-BD42E04A1838}.Debug|Any CPU.ActiveCfg = Debug|Any CPU
		{18CDF068-90A1-487C-886B-BD42E04A1838}.Debug|Any CPU.Build.0 = Debug|Any CPU
		{18CDF068-90A1-487C-886B-BD42E04A1838}.Release|Any CPU.ActiveCfg = Release|Any CPU
		{18CDF068-90A1-487C-886B-BD42E04A1838}.Release|Any CPU.Build.0 = Release|Any CPU
	EndGlobalSection
	GlobalSection(SolutionProperties) = preSolution
		HideSolutionNode = FALSE
	EndGlobalSection
	GlobalSection(ExtensibilityGlobals) = postSolution
		SolutionGuid = {59D72CC2-1856-4B25-BDDC-325515B12281}
	EndGlobalSection
EndGlobal
